
Microsoft Visual Studio Solution File, Format Version 12.00
# Visual Studio Version 17
VisualStudioVersion = 17.0.31825.309
MinimumVisualStudioVersion = 10.0.40219.1
Project("{FAE04EC0-301F-11D3-BF4B-00C04F79EFBC}") = "VBarUtilities.Android", "VBarUtilities\VBarUtilities.Android\VBarUtilities.Android.csproj", "{4561D709-0B02-4502-981C-EC5B345377E4}"
EndProject
Project("{9A19103F-16F7-4668-BE54-9A1E7A4F7556}") = "VBarUtilities", "VBarUtilities\VBarUtilities\VBarUtilities.csproj", "{9A1A0AA1-A4F7-417E-A148-0607013F80FF}"
EndProject
Project("{9A19103F-16F7-4668-BE54-9A1E7A4F7556}") = "VStabiParser", "VStabiParser\VStabiParser.csproj", "{D5592FB9-20B0-4AA2-A856-5E959158F38C}"
EndProject
Project("{2150E333-8FDC-42A3-9474-1A3956D46DE8}") = "Libraries", "Libraries", "{5ED9A6F4-32E1-42D8-9DF3-DDFD7AC9A4C2}"
EndProject
Project("{9A19103F-16F7-4668-BE54-9A1E7A4F7556}") = "VstabiCloudReader", "VStabiCloudReader\VstabiCloudReader.csproj", "{9FD6F8F7-4946-4E56-A8C6-138E0E6E09ED}"
EndProject
Project("{9A19103F-16F7-4668-BE54-9A1E7A4F7556}") = "VBar", "VBar\VBar\VBar.csproj", "{DF51B341-4A0D-4178-B969-5343023716A0}"
EndProject
Global
	GlobalSection(SolutionConfigurationPlatforms) = preSolution
		Debug|Any CPU = Debug|Any CPU
		Debug|ARM = Debug|ARM
		Debug|iPhone = Debug|iPhone
		Debug|iPhoneSimulator = Debug|iPhoneSimulator
		Debug|x64 = Debug|x64
		Debug|x86 = Debug|x86
		Release|Any CPU = Release|Any CPU
		Release|ARM = Release|ARM
		Release|iPhone = Release|iPhone
		Release|iPhoneSimulator = Release|iPhoneSimulator
		Release|x64 = Release|x64
		Release|x86 = Release|x86
	EndGlobalSection
	GlobalSection(ProjectConfigurationPlatforms) = postSolution
		{4561D709-0B02-4502-981C-EC5B345377E4}.Debug|Any CPU.ActiveCfg = Debug|Any CPU
		{4561D709-0B02-4502-981C-EC5B345377E4}.Debug|Any CPU.Build.0 = Debug|Any CPU
		{4561D709-0B02-4502-981C-EC5B345377E4}.Debug|Any CPU.Deploy.0 = Debug|Any CPU
		{4561D709-0B02-4502-981C-EC5B345377E4}.Debug|ARM.ActiveCfg = Debug|Any CPU
		{4561D709-0B02-4502-981C-EC5B345377E4}.Debug|ARM.Build.0 = Debug|Any CPU
		{4561D709-0B02-4502-981C-EC5B345377E4}.Debug|ARM.Deploy.0 = Debug|Any CPU
		{4561D709-0B02-4502-981C-EC5B345377E4}.Debug|iPhone.ActiveCfg = Debug|Any CPU
		{4561D709-0B02-4502-981C-EC5B345377E4}.Debug|iPhone.Build.0 = Debug|Any CPU
		{4561D709-0B02-4502-981C-EC5B345377E4}.Debug|iPhone.Deploy.0 = Debug|Any CPU
		{4561D709-0B02-4502-981C-EC5B345377E4}.Debug|iPhoneSimulator.ActiveCfg = Debug|Any CPU
		{4561D709-0B02-4502-981C-EC5B345377E4}.Debug|iPhoneSimulator.Build.0 = Debug|Any CPU
		{4561D709-0B02-4502-981C-EC5B345377E4}.Debug|iPhoneSimulator.Deploy.0 = Debug|Any CPU
		{4561D709-0B02-4502-981C-EC5B345377E4}.Debug|x64.ActiveCfg = Debug|Any CPU
		{4561D709-0B02-4502-981C-EC5B345377E4}.Debug|x64.Build.0 = Debug|Any CPU
		{4561D709-0B02-4502-981C-EC5B345377E4}.Debug|x64.Deploy.0 = Debug|Any CPU
		{4561D709-0B02-4502-981C-EC5B345377E4}.Debug|x86.ActiveCfg = Debug|Any CPU
		{4561D709-0B02-4502-981C-EC5B345377E4}.Debug|x86.Build.0 = Debug|Any CPU
		{4561D709-0B02-4502-981C-EC5B345377E4}.Debug|x86.Deploy.0 = Debug|Any CPU
		{4561D709-0B02-4502-981C-EC5B345377E4}.Release|Any CPU.ActiveCfg = Release|Any CPU
		{4561D709-0B02-4502-981C-EC5B345377E4}.Release|Any CPU.Build.0 = Release|Any CPU
		{4561D709-0B02-4502-981C-EC5B345377E4}.Release|Any CPU.Deploy.0 = Release|Any CPU
		{4561D709-0B02-4502-981C-EC5B345377E4}.Release|ARM.ActiveCfg = Release|Any CPU
		{4561D709-0B02-4502-981C-EC5B345377E4}.Release|ARM.Build.0 = Release|Any CPU
		{4561D709-0B02-4502-981C-EC5B345377E4}.Release|ARM.Deploy.0 = Release|Any CPU
		{4561D709-0B02-4502-981C-EC5B345377E4}.Release|iPhone.ActiveCfg = Release|Any CPU
		{4561D709-0B02-4502-981C-EC5B345377E4}.Release|iPhone.Build.0 = Release|Any CPU
		{4561D709-0B02-4502-981C-EC5B345377E4}.Release|iPhone.Deploy.0 = Release|Any CPU
		{4561D709-0B02-4502-981C-EC5B345377E4}.Release|iPhoneSimulator.ActiveCfg = Release|Any CPU
		{4561D709-0B02-4502-981C-EC5B345377E4}.Release|iPhoneSimulator.Build.0 = Release|Any CPU
		{4561D709-0B02-4502-981C-EC5B345377E4}.Release|iPhoneSimulator.Deploy.0 = Release|Any CPU
		{4561D709-0B02-4502-981C-EC5B345377E4}.Release|x64.ActiveCfg = Release|Any CPU
		{4561D709-0B02-4502-981C-EC5B345377E4}.Release|x64.Build.0 = Release|Any CPU
		{4561D709-0B02-4502-981C-EC5B345377E4}.Release|x64.Deploy.0 = Release|Any CPU
		{4561D709-0B02-4502-981C-EC5B345377E4}.Release|x86.ActiveCfg = Release|Any CPU
		{4561D709-0B02-4502-981C-EC5B345377E4}.Release|x86.Build.0 = Release|Any CPU
		{4561D709-0B02-4502-981C-EC5B345377E4}.Release|x86.Deploy.0 = Release|Any CPU
		{9A1A0AA1-A4F7-417E-A148-0607013F80FF}.Debug|Any CPU.ActiveCfg = Debug|Any CPU
		{9A1A0AA1-A4F7-417E-A148-0607013F80FF}.Debug|Any CPU.Build.0 = Debug|Any CPU
		{9A1A0AA1-A4F7-417E-A148-0607013F80FF}.Debug|Any CPU.Deploy.0 = Debug|Any CPU
		{9A1A0AA1-A4F7-417E-A148-0607013F80FF}.Debug|ARM.ActiveCfg = Debug|Any CPU
		{9A1A0AA1-A4F7-417E-A148-0607013F80FF}.Debug|ARM.Build.0 = Debug|Any CPU
		{9A1A0AA1-A4F7-417E-A148-0607013F80FF}.Debug|ARM.Deploy.0 = Debug|Any CPU
		{9A1A0AA1-A4F7-417E-A148-0607013F80FF}.Debug|iPhone.ActiveCfg = Debug|Any CPU
		{9A1A0AA1-A4F7-417E-A148-0607013F80FF}.Debug|iPhone.Build.0 = Debug|Any CPU
		{9A1A0AA1-A4F7-417E-A148-0607013F80FF}.Debug|iPhone.Deploy.0 = Debug|Any CPU
		{9A1A0AA1-A4F7-417E-A148-0607013F80FF}.Debug|iPhoneSimulator.ActiveCfg = Debug|Any CPU
		{9A1A0AA1-A4F7-417E-A148-0607013F80FF}.Debug|iPhoneSimulator.Build.0 = Debug|Any CPU
		{9A1A0AA1-A4F7-417E-A148-0607013F80FF}.Debug|iPhoneSimulator.Deploy.0 = Debug|Any CPU
		{9A1A0AA1-A4F7-417E-A148-0607013F80FF}.Debug|x64.ActiveCfg = Debug|Any CPU
		{9A1A0AA1-A4F7-417E-A148-0607013F80FF}.Debug|x64.Build.0 = Debug|Any CPU
		{9A1A0AA1-A4F7-417E-A148-0607013F80FF}.Debug|x64.Deploy.0 = Debug|Any CPU
		{9A1A0AA1-A4F7-417E-A148-0607013F80FF}.Debug|x86.ActiveCfg = Debug|Any CPU
		{9A1A0AA1-A4F7-417E-A148-0607013F80FF}.Debug|x86.Build.0 = Debug|Any CPU
		{9A1A0AA1-A4F7-417E-A148-0607013F80FF}.Debug|x86.Deploy.0 = Debug|Any CPU
		{9A1A0AA1-A4F7-417E-A148-0607013F80FF}.Release|Any CPU.ActiveCfg = Release|Any CPU
		{9A1A0AA1-A4F7-417E-A148-0607013F80FF}.Release|Any CPU.Build.0 = Release|Any CPU
		{9A1A0AA1-A4F7-417E-A148-0607013F80FF}.Release|Any CPU.Deploy.0 = Release|Any CPU
		{9A1A0AA1-A4F7-417E-A148-0607013F80FF}.Release|ARM.ActiveCfg = Release|Any CPU
		{9A1A0AA1-A4F7-417E-A148-0607013F80FF}.Release|ARM.Build.0 = Release|Any CPU
		{9A1A0AA1-A4F7-417E-A148-0607013F80FF}.Release|ARM.Deploy.0 = Release|Any CPU
		{9A1A0AA1-A4F7-417E-A148-0607013F80FF}.Release|iPhone.ActiveCfg = Release|Any CPU
		{9A1A0AA1-A4F7-417E-A148-0607013F80FF}.Release|iPhone.Build.0 = Release|Any CPU
		{9A1A0AA1-A4F7-417E-A148-0607013F80FF}.Release|iPhone.Deploy.0 = Release|Any CPU
		{9A1A0AA1-A4F7-417E-A148-0607013F80FF}.Release|iPhoneSimulator.ActiveCfg = Release|Any CPU
		{9A1A0AA1-A4F7-417E-A148-0607013F80FF}.Release|iPhoneSimulator.Build.0 = Release|Any CPU
		{9A1A0AA1-A4F7-417E-A148-0607013F80FF}.Release|iPhoneSimulator.Deploy.0 = Release|Any CPU
		{9A1A0AA1-A4F7-417E-A148-0607013F80FF}.Release|x64.ActiveCfg = Release|Any CPU
		{9A1A0AA1-A4F7-417E-A148-0607013F80FF}.Release|x64.Build.0 = Release|Any CPU
		{9A1A0AA1-A4F7-417E-A148-0607013F80FF}.Release|x64.Deploy.0 = Release|Any CPU
		{9A1A0AA1-A4F7-417E-A148-0607013F80FF}.Release|x86.ActiveCfg = Release|Any CPU
		{9A1A0AA1-A4F7-417E-A148-0607013F80FF}.Release|x86.Build.0 = Release|Any CPU
		{9A1A0AA1-A4F7-417E-A148-0607013F80FF}.Release|x86.Deploy.0 = Release|Any CPU
		{D5592FB9-20B0-4AA2-A856-5E959158F38C}.Debug|Any CPU.ActiveCfg = Debug|Any CPU
		{D5592FB9-20B0-4AA2-A856-5E959158F38C}.Debug|Any CPU.Build.0 = Debug|Any CPU
		{D5592FB9-20B0-4AA2-A856-5E959158F38C}.Debug|ARM.ActiveCfg = Debug|Any CPU
		{D5592FB9-20B0-4AA2-A856-5E959158F38C}.Debug|ARM.Build.0 = Debug|Any CPU
		{D5592FB9-20B0-4AA2-A856-5E959158F38C}.Debug|iPhone.ActiveCfg = Debug|Any CPU
		{D5592FB9-20B0-4AA2-A856-5E959158F38C}.Debug|iPhone.Build.0 = Debug|Any CPU
		{D5592FB9-20B0-4AA2-A856-5E959158F38C}.Debug|iPhoneSimulator.ActiveCfg = Debug|Any CPU
		{D5592FB9-20B0-4AA2-A856-5E959158F38C}.Debug|iPhoneSimulator.Build.0 = Debug|Any CPU
		{D5592FB9-20B0-4AA2-A856-5E959158F38C}.Debug|x64.ActiveCfg = Debug|Any CPU
		{D5592FB9-20B0-4AA2-A856-5E959158F38C}.Debug|x64.Build.0 = Debug|Any CPU
		{D5592FB9-20B0-4AA2-A856-5E959158F38C}.Debug|x86.ActiveCfg = Debug|Any CPU
		{D5592FB9-20B0-4AA2-A856-5E959158F38C}.Debug|x86.Build.0 = Debug|Any CPU
		{D5592FB9-20B0-4AA2-A856-5E959158F38C}.Release|Any CPU.ActiveCfg = Release|Any CPU
		{D5592FB9-20B0-4AA2-A856-5E959158F38C}.Release|Any CPU.Build.0 = Release|Any CPU
		{D5592FB9-20B0-4AA2-A856-5E959158F38C}.Release|ARM.ActiveCfg = Release|Any CPU
		{D5592FB9-20B0-4AA2-A856-5E959158F38C}.Release|ARM.Build.0 = Release|Any CPU
		{D5592FB9-20B0-4AA2-A856-5E959158F38C}.Release|iPhone.ActiveCfg = Release|Any CPU
		{D5592FB9-20B0-4AA2-A856-5E959158F38C}.Release|iPhone.Build.0 = Release|Any CPU
		{D5592FB9-20B0-4AA2-A856-5E959158F38C}.Release|iPhoneSimulator.ActiveCfg = Release|Any CPU
		{D5592FB9-20B0-4AA2-A856-5E959158F38C}.Release|iPhoneSimulator.Build.0 = Release|Any CPU
		{D5592FB9-20B0-4AA2-A856-5E959158F38C}.Release|x64.ActiveCfg = Release|Any CPU
		{D5592FB9-20B0-4AA2-A856-5E959158F38C}.Release|x64.Build.0 = Release|Any CPU
		{D5592FB9-20B0-4AA2-A856-5E959158F38C}.Release|x86.ActiveCfg = Release|Any CPU
		{D5592FB9-20B0-4AA2-A856-5E959158F38C}.Release|x86.Build.0 = Release|Any CPU
		{9FD6F8F7-4946-4E56-A8C6-138E0E6E09ED}.Debug|Any CPU.ActiveCfg = Debug|Any CPU
		{9FD6F8F7-4946-4E56-A8C6-138E0E6E09ED}.Debug|Any CPU.Build.0 = Debug|Any CPU
		{9FD6F8F7-4946-4E56-A8C6-138E0E6E09ED}.Debug|ARM.ActiveCfg = Debug|Any CPU
		{9FD6F8F7-4946-4E56-A8C6-138E0E6E09ED}.Debug|ARM.Build.0 = Debug|Any CPU
		{9FD6F8F7-4946-4E56-A8C6-138E0E6E09ED}.Debug|iPhone.ActiveCfg = Debug|Any CPU
		{9FD6F8F7-4946-4E56-A8C6-138E0E6E09ED}.Debug|iPhone.Build.0 = Debug|Any CPU
		{9FD6F8F7-4946-4E56-A8C6-138E0E6E09ED}.Debug|iPhoneSimulator.ActiveCfg = Debug|Any CPU
		{9FD6F8F7-4946-4E56-A8C6-138E0E6E09ED}.Debug|iPhoneSimulator.Build.0 = Debug|Any CPU
		{9FD6F8F7-4946-4E56-A8C6-138E0E6E09ED}.Debug|x64.ActiveCfg = Debug|Any CPU
		{9FD6F8F7-4946-4E56-A8C6-138E0E6E09ED}.Debug|x64.Build.0 = Debug|Any CPU
		{9FD6F8F7-4946-4E56-A8C6-138E0E6E09ED}.Debug|x86.ActiveCfg = Debug|Any CPU
		{9FD6F8F7-4946-4E56-A8C6-138E0E6E09ED}.Debug|x86.Build.0 = Debug|Any CPU
		{9FD6F8F7-4946-4E56-A8C6-138E0E6E09ED}.Release|Any CPU.ActiveCfg = Release|Any CPU
		{9FD6F8F7-4946-4E56-A8C6-138E0E6E09ED}.Release|Any CPU.Build.0 = Release|Any CPU
		{9FD6F8F7-4946-4E56-A8C6-138E0E6E09ED}.Release|ARM.ActiveCfg = Release|Any CPU
		{9FD6F8F7-4946-4E56-A8C6-138E0E6E09ED}.Release|ARM.Build.0 = Release|Any CPU
		{9FD6F8F7-4946-4E56-A8C6-138E0E6E09ED}.Release|iPhone.ActiveCfg = Release|Any CPU
		{9FD6F8F7-4946-4E56-A8C6-138E0E6E09ED}.Release|iPhone.Build.0 = Release|Any CPU
		{9FD6F8F7-4946-4E56-A8C6-138E0E6E09ED}.Release|iPhoneSimulator.ActiveCfg = Release|Any CPU
		{9FD6F8F7-4946-4E56-A8C6-138E0E6E09ED}.Release|iPhoneSimulator.Build.0 = Release|Any CPU
		{9FD6F8F7-4946-4E56-A8C6-138E0E6E09ED}.Release|x64.ActiveCfg = Release|Any CPU
		{9FD6F8F7-4946-4E56-A8C6-138E0E6E09ED}.Release|x64.Build.0 = Release|Any CPU
		{9FD6F8F7-4946-4E56-A8C6-138E0E6E09ED}.Release|x86.ActiveCfg = Release|Any CPU
		{9FD6F8F7-4946-4E56-A8C6-138E0E6E09ED}.Release|x86.Build.0 = Release|Any CPU
		{DF51B341-4A0D-4178-B969-5343023716A0}.Debug|Any CPU.ActiveCfg = Debug|Any CPU
		{DF51B341-4A0D-4178-B969-5343023716A0}.Debug|Any CPU.Build.0 = Debug|Any CPU
		{DF51B341-4A0D-4178-B969-5343023716A0}.Debug|ARM.ActiveCfg = Debug|Any CPU
		{DF51B341-4A0D-4178-B969-5343023716A0}.Debug|ARM.Build.0 = Debug|Any CPU
		{DF51B341-4A0D-4178-B969-5343023716A0}.Debug|iPhone.ActiveCfg = Debug|Any CPU
		{DF51B341-4A0D-4178-B969-5343023716A0}.Debug|iPhone.Build.0 = Debug|Any CPU
		{DF51B341-4A0D-4178-B969-5343023716A0}.Debug|iPhoneSimulator.ActiveCfg = Debug|Any CPU
		{DF51B341-4A0D-4178-B969-5343023716A0}.Debug|iPhoneSimulator.Build.0 = Debug|Any CPU
		{DF51B341-4A0D-4178-B969-5343023716A0}.Debug|x64.ActiveCfg = Debug|Any CPU
		{DF51B341-4A0D-4178-B969-5343023716A0}.Debug|x64.Build.0 = Debug|Any CPU
		{DF51B341-4A0D-4178-B969-5343023716A0}.Debug|x86.ActiveCfg = Debug|Any CPU
		{DF51B341-4A0D-4178-B969-5343023716A0}.Debug|x86.Build.0 = Debug|Any CPU
		{DF51B341-4A0D-4178-B969-5343023716A0}.Release|Any CPU.ActiveCfg = Release|Any CPU
		{DF51B341-4A0D-4178-B969-5343023716A0}.Release|Any CPU.Build.0 = Release|Any CPU
		{DF51B341-4A0D-4178-B969-5343023716A0}.Release|ARM.ActiveCfg = Release|Any CPU
		{DF51B341-4A0D-4178-B969-5343023716A0}.Release|ARM.Build.0 = Release|Any CPU
		{DF51B341-4A0D-4178-B969-5343023716A0}.Release|iPhone.ActiveCfg = Release|Any CPU
		{DF51B341-4A0D-4178-B969-5343023716A0}.Release|iPhone.Build.0 = Release|Any CPU
		{DF51B341-4A0D-4178-B969-5343023716A0}.Release|iPhoneSimulator.ActiveCfg = Release|Any CPU
		{DF51B341-4A0D-4178-B969-5343023716A0}.Release|iPhoneSimulator.Build.0 = Release|Any CPU
		{DF51B341-4A0D-4178-B969-5343023716A0}.Release|x64.ActiveCfg = Release|Any CPU
		{DF51B341-4A0D-4178-B969-5343023716A0}.Release|x64.Build.0 = Release|Any CPU
		{DF51B341-4A0D-4178-B969-5343023716A0}.Release|x86.ActiveCfg = Release|Any CPU
		{DF51B341-4A0D-4178-B969-5343023716A0}.Release|x86.Build.0 = Release|Any CPU
	EndGlobalSection
	GlobalSection(SolutionProperties) = preSolution
		HideSolutionNode = FALSE
	EndGlobalSection
	GlobalSection(NestedProjects) = preSolution
		{D5592FB9-20B0-4AA2-A856-5E959158F38C} = {5ED9A6F4-32E1-42D8-9DF3-DDFD7AC9A4C2}
		{9FD6F8F7-4946-4E56-A8C6-138E0E6E09ED} = {5ED9A6F4-32E1-42D8-9DF3-DDFD7AC9A4C2}
		{DF51B341-4A0D-4178-B969-5343023716A0} = {5ED9A6F4-32E1-42D8-9DF3-DDFD7AC9A4C2}
	EndGlobalSection
	GlobalSection(ExtensibilityGlobals) = postSolution
		SolutionGuid = {046A1C39-6034-4698-AE87-31E94C03C475}
	EndGlobalSection
EndGlobal
